// !$*UTF8*$!
{
	archiveVersion = 1;
	classes = {
	};
	objectVersion = 46;
	objects = {

/* Begin PBXBuildFile section */
		2E15812F1907691F0086C49E /* Foundation.framework in Frameworks */ = {isa = PBXBuildFile; fileRef = 2E15812E1907691F0086C49E /* Foundation.framework */; };
		2E1581311907691F0086C49E /* CoreGraphics.framework in Frameworks */ = {isa = PBXBuildFile; fileRef = 2E1581301907691F0086C49E /* CoreGraphics.framework */; };
		2E1581331907691F0086C49E /* UIKit.framework in Frameworks */ = {isa = PBXBuildFile; fileRef = 2E1581321907691F0086C49E /* UIKit.framework */; };
		2E1581391907691F0086C49E /* InfoPlist.strings in Resources */ = {isa = PBXBuildFile; fileRef = 2E1581371907691F0086C49E /* InfoPlist.strings */; };
		2E15813B1907691F0086C49E /* main.m in Sources */ = {isa = PBXBuildFile; fileRef = 2E15813A1907691F0086C49E /* main.m */; };
		2E15813F1907691F0086C49E /* RDBAppDelegate.m in Sources */ = {isa = PBXBuildFile; fileRef = 2E15813E1907691F0086C49E /* RDBAppDelegate.m */; };
		2E1581471907691F0086C49E /* Images.xcassets in Resources */ = {isa = PBXBuildFile; fileRef = 2E1581461907691F0086C49E /* Images.xcassets */; };
		2E15814E1907691F0086C49E /* XCTest.framework in Frameworks */ = {isa = PBXBuildFile; fileRef = 2E15814D1907691F0086C49E /* XCTest.framework */; };
		2E15814F1907691F0086C49E /* Foundation.framework in Frameworks */ = {isa = PBXBuildFile; fileRef = 2E15812E1907691F0086C49E /* Foundation.framework */; };
		2E1581501907691F0086C49E /* UIKit.framework in Frameworks */ = {isa = PBXBuildFile; fileRef = 2E1581321907691F0086C49E /* UIKit.framework */; };
		2E158158190769200086C49E /* InfoPlist.strings in Resources */ = {isa = PBXBuildFile; fileRef = 2E158156190769200086C49E /* InfoPlist.strings */; };
		2E15815A190769200086C49E /* ReadabilityTests.m in Sources */ = {isa = PBXBuildFile; fileRef = 2E158159190769200086C49E /* ReadabilityTests.m */; };
		2E158168190769B50086C49E /* RDBArticleViewController.m in Sources */ = {isa = PBXBuildFile; fileRef = 2E158166190769B50086C49E /* RDBArticleViewController.m */; };
		2E158169190769B50086C49E /* RDBArticleViewController.xib in Resources */ = {isa = PBXBuildFile; fileRef = 2E158167190769B50086C49E /* RDBArticleViewController.xib */; };
		2E15816E190780250086C49E /* readability.js in Resources */ = {isa = PBXBuildFile; fileRef = 2E15816C190780120086C49E /* readability.js */; };
		2E5678CB1909255E000B5214 /* jquery-1.11.0.min.js in Resources */ = {isa = PBXBuildFile; fileRef = 2E5678CA1909255E000B5214 /* jquery-1.11.0.min.js */; };
		7CACD87C71234D9C91176B1B /* libPods-Readability.a in Frameworks */ = {isa = PBXBuildFile; fileRef = 07024CB15F8542EE912FEFCC /* libPods-Readability.a */; };
		9297A222190D4B2700F0C7B1 /* LaunchImage-iPhone-568h@2x.png in Resources */ = {isa = PBXBuildFile; fileRef = 9297A220190D4B2700F0C7B1 /* LaunchImage-iPhone-568h@2x.png */; };
		9297A223190D4B2700F0C7B1 /* LaunchImage-iPhone@2x.png in Resources */ = {isa = PBXBuildFile; fileRef = 9297A221190D4B2700F0C7B1 /* LaunchImage-iPhone@2x.png */; };
		9297A226190D4B3100F0C7B1 /* Icon-iPhone.png in Resources */ = {isa = PBXBuildFile; fileRef = 9297A224190D4B3100F0C7B1 /* Icon-iPhone.png */; };
		9297A227190D4B3100F0C7B1 /* Icon-iPhone@2x.png in Resources */ = {isa = PBXBuildFile; fileRef = 9297A225190D4B3100F0C7B1 /* Icon-iPhone@2x.png */; };
		9297A22C190D529E00F0C7B1 /* MMExampleDrawerVisualStateManager.m in Sources */ = {isa = PBXBuildFile; fileRef = 9297A22B190D529E00F0C7B1 /* MMExampleDrawerVisualStateManager.m */; };
		9297A25F190D664400F0C7B1 /* RDBLeftSideDrawerViewController.m in Sources */ = {isa = PBXBuildFile; fileRef = 9297A25E190D664400F0C7B1 /* RDBLeftSideDrawerViewController.m */; };
		92ACA470190E6B7B009B92BD /* RDBArticleCell.m in Sources */ = {isa = PBXBuildFile; fileRef = 92ACA46E190E6B7B009B92BD /* RDBArticleCell.m */; };
		92ACA473190E6BC3009B92BD /* RDBArticleCell.xib in Resources */ = {isa = PBXBuildFile; fileRef = 92ACA472190E6BC3009B92BD /* RDBArticleCell.xib */; };
		92B854EF190B570B0074F24B /* GothamNarrow-Black.otf in Resources */ = {isa = PBXBuildFile; fileRef = 92B854D6190B570B0074F24B /* GothamNarrow-Black.otf */; };
		92B854F0190B570B0074F24B /* GothamNarrSSm-Bold.otf in Resources */ = {isa = PBXBuildFile; fileRef = 92B854D7190B570B0074F24B /* GothamNarrSSm-Bold.otf */; };
		92B854F1190B570B0074F24B /* GothamNarrSSm-BoldItalic.otf in Resources */ = {isa = PBXBuildFile; fileRef = 92B854D8190B570B0074F24B /* GothamNarrSSm-BoldItalic.otf */; };
		92B854F2190B570B0074F24B /* GothamNarrSSm-Book.otf in Resources */ = {isa = PBXBuildFile; fileRef = 92B854D9190B570B0074F24B /* GothamNarrSSm-Book.otf */; };
		92B854F3190B570B0074F24B /* GothamNarrSSm-BookItalic.otf in Resources */ = {isa = PBXBuildFile; fileRef = 92B854DA190B570B0074F24B /* GothamNarrSSm-BookItalic.otf */; };
		92B854F4190B570B0074F24B /* MercuryDisplay-Bold.otf in Resources */ = {isa = PBXBuildFile; fileRef = 92B854DB190B570B0074F24B /* MercuryDisplay-Bold.otf */; };
		92B854F5190B570B0074F24B /* MercurySSm-Bold.otf in Resources */ = {isa = PBXBuildFile; fileRef = 92B854DC190B570B0074F24B /* MercurySSm-Bold.otf */; };
		92B854F6190B570B0074F24B /* MercurySSm-BoldItalic.otf in Resources */ = {isa = PBXBuildFile; fileRef = 92B854DD190B570B0074F24B /* MercurySSm-BoldItalic.otf */; };
		92B854F7190B570B0074F24B /* MercurySSm-Book.otf in Resources */ = {isa = PBXBuildFile; fileRef = 92B854DE190B570B0074F24B /* MercurySSm-Book.otf */; };
		92B854F8190B570B0074F24B /* MercurySSm-BookItalic.otf in Resources */ = {isa = PBXBuildFile; fileRef = 92B854DF190B570B0074F24B /* MercurySSm-BookItalic.otf */; };
		92B854F9190B570B0074F24B /* readabilicons.otf in Resources */ = {isa = PBXBuildFile; fileRef = 92B854E0190B570B0074F24B /* readabilicons.otf */; };
		92B854FA190B570B0074F24B /* Sentinel-Black.otf in Resources */ = {isa = PBXBuildFile; fileRef = 92B854E1190B570B0074F24B /* Sentinel-Black.otf */; };
		92B854FB190B570B0074F24B /* SentinelSSm-Bold.otf in Resources */ = {isa = PBXBuildFile; fileRef = 92B854E2190B570B0074F24B /* SentinelSSm-Bold.otf */; };
		92B854FC190B570B0074F24B /* SentinelSSm-BoldItalic.otf in Resources */ = {isa = PBXBuildFile; fileRef = 92B854E3190B570B0074F24B /* SentinelSSm-BoldItalic.otf */; };
		92B854FD190B570B0074F24B /* SentinelSSm-Book.otf in Resources */ = {isa = PBXBuildFile; fileRef = 92B854E4190B570B0074F24B /* SentinelSSm-Book.otf */; };
		92B854FE190B570B0074F24B /* SentinelSSm-BookItalic.otf in Resources */ = {isa = PBXBuildFile; fileRef = 92B854E5190B570B0074F24B /* SentinelSSm-BookItalic.otf */; };
		92B854FF190B570B0074F24B /* Vitesse-Black.otf in Resources */ = {isa = PBXBuildFile; fileRef = 92B854E6190B570B0074F24B /* Vitesse-Black.otf */; };
		92B85500190B570B0074F24B /* VitesseSSm-Bold.otf in Resources */ = {isa = PBXBuildFile; fileRef = 92B854E7190B570B0074F24B /* VitesseSSm-Bold.otf */; };
		92B85501190B570B0074F24B /* VitesseSSm-BoldItalic.otf in Resources */ = {isa = PBXBuildFile; fileRef = 92B854E8190B570B0074F24B /* VitesseSSm-BoldItalic.otf */; };
		92B85502190B570B0074F24B /* VitesseSSm-Book.otf in Resources */ = {isa = PBXBuildFile; fileRef = 92B854E9190B570B0074F24B /* VitesseSSm-Book.otf */; };
		92B85503190B570B0074F24B /* VitesseSSm-BookItalic.otf in Resources */ = {isa = PBXBuildFile; fileRef = 92B854EA190B570B0074F24B /* VitesseSSm-BookItalic.otf */; };
		92B85504190B570B0074F24B /* WhitneySSm-Bold.otf in Resources */ = {isa = PBXBuildFile; fileRef = 92B854EB190B570B0074F24B /* WhitneySSm-Bold.otf */; };
		92B85505190B570B0074F24B /* WhitneySSm-BoldItalic.otf in Resources */ = {isa = PBXBuildFile; fileRef = 92B854EC190B570B0074F24B /* WhitneySSm-BoldItalic.otf */; };
		92B85506190B570B0074F24B /* WhitneySSm-Book.otf in Resources */ = {isa = PBXBuildFile; fileRef = 92B854ED190B570B0074F24B /* WhitneySSm-Book.otf */; };
		92B85507190B570B0074F24B /* WhitneySSm-BookItalic.otf in Resources */ = {isa = PBXBuildFile; fileRef = 92B854EE190B570B0074F24B /* WhitneySSm-BookItalic.otf */; };
		92B85511190B74E70074F24B /* RDBReadingListViewController.m in Sources */ = {isa = PBXBuildFile; fileRef = 92B8550F190B74E70074F24B /* RDBReadingListViewController.m */; };
		92B85512190B74E70074F24B /* RDBReadingListViewController.xib in Resources */ = {isa = PBXBuildFile; fileRef = 92B85510190B74E70074F24B /* RDBReadingListViewController.xib */; };
		92F28088190B547600DA385B /* styles.css in Resources */ = {isa = PBXBuildFile; fileRef = 92F28087190B547600DA385B /* styles.css */; };
/* End PBXBuildFile section */

/* Begin PBXContainerItemProxy section */
		2E1581511907691F0086C49E /* PBXContainerItemProxy */ = {
			isa = PBXContainerItemProxy;
			containerPortal = 2E1581231907691F0086C49E /* Project object */;
			proxyType = 1;
			remoteGlobalIDString = 2E15812A1907691F0086C49E;
			remoteInfo = Readability;
		};
/* End PBXContainerItemProxy section */

/* Begin PBXFileReference section */
		07024CB15F8542EE912FEFCC /* libPods-Readability.a */ = {isa = PBXFileReference; explicitFileType = archive.ar; includeInIndex = 0; path = "libPods-Readability.a"; sourceTree = BUILT_PRODUCTS_DIR; };
		2E15812B1907691F0086C49E /* Readability.app */ = {isa = PBXFileReference; explicitFileType = wrapper.application; includeInIndex = 0; path = Readability.app; sourceTree = BUILT_PRODUCTS_DIR; };
		2E15812E1907691F0086C49E /* Foundation.framework */ = {isa = PBXFileReference; lastKnownFileType = wrapper.framework; name = Foundation.framework; path = System/Library/Frameworks/Foundation.framework; sourceTree = SDKROOT; };
		2E1581301907691F0086C49E /* CoreGraphics.framework */ = {isa = PBXFileReference; lastKnownFileType = wrapper.framework; name = CoreGraphics.framework; path = System/Library/Frameworks/CoreGraphics.framework; sourceTree = SDKROOT; };
		2E1581321907691F0086C49E /* UIKit.framework */ = {isa = PBXFileReference; lastKnownFileType = wrapper.framework; name = UIKit.framework; path = System/Library/Frameworks/UIKit.framework; sourceTree = SDKROOT; };
		2E1581361907691F0086C49E /* Readability-Info.plist */ = {isa = PBXFileReference; lastKnownFileType = text.plist.xml; path = "Readability-Info.plist"; sourceTree = "<group>"; };
		2E1581381907691F0086C49E /* en */ = {isa = PBXFileReference; lastKnownFileType = text.plist.strings; name = en; path = en.lproj/InfoPlist.strings; sourceTree = "<group>"; };
		2E15813A1907691F0086C49E /* main.m */ = {isa = PBXFileReference; lastKnownFileType = sourcecode.c.objc; path = main.m; sourceTree = "<group>"; };
		2E15813C1907691F0086C49E /* Readability-Prefix.pch */ = {isa = PBXFileReference; lastKnownFileType = sourcecode.c.h; path = "Readability-Prefix.pch"; sourceTree = "<group>"; };
		2E15813D1907691F0086C49E /* RDBAppDelegate.h */ = {isa = PBXFileReference; lastKnownFileType = sourcecode.c.h; path = RDBAppDelegate.h; sourceTree = "<group>"; };
		2E15813E1907691F0086C49E /* RDBAppDelegate.m */ = {isa = PBXFileReference; lastKnownFileType = sourcecode.c.objc; path = RDBAppDelegate.m; sourceTree = "<group>"; };
		2E1581461907691F0086C49E /* Images.xcassets */ = {isa = PBXFileReference; lastKnownFileType = folder.assetcatalog; path = Images.xcassets; sourceTree = "<group>"; };
		2E15814C1907691F0086C49E /* ReadabilityTests.xctest */ = {isa = PBXFileReference; explicitFileType = wrapper.cfbundle; includeInIndex = 0; path = ReadabilityTests.xctest; sourceTree = BUILT_PRODUCTS_DIR; };
		2E15814D1907691F0086C49E /* XCTest.framework */ = {isa = PBXFileReference; lastKnownFileType = wrapper.framework; name = XCTest.framework; path = Library/Frameworks/XCTest.framework; sourceTree = DEVELOPER_DIR; };
		2E1581551907691F0086C49E /* ReadabilityTests-Info.plist */ = {isa = PBXFileReference; lastKnownFileType = text.plist.xml; path = "ReadabilityTests-Info.plist"; sourceTree = "<group>"; };
		2E158157190769200086C49E /* en */ = {isa = PBXFileReference; lastKnownFileType = text.plist.strings; name = en; path = en.lproj/InfoPlist.strings; sourceTree = "<group>"; };
		2E158159190769200086C49E /* ReadabilityTests.m */ = {isa = PBXFileReference; lastKnownFileType = sourcecode.c.objc; path = ReadabilityTests.m; sourceTree = "<group>"; };
		2E158165190769B50086C49E /* RDBArticleViewController.h */ = {isa = PBXFileReference; fileEncoding = 4; lastKnownFileType = sourcecode.c.h; path = RDBArticleViewController.h; sourceTree = "<group>"; };
		2E158166190769B50086C49E /* RDBArticleViewController.m */ = {isa = PBXFileReference; fileEncoding = 4; lastKnownFileType = sourcecode.c.objc; path = RDBArticleViewController.m; sourceTree = "<group>"; };
		2E158167190769B50086C49E /* RDBArticleViewController.xib */ = {isa = PBXFileReference; fileEncoding = 4; lastKnownFileType = file.xib; path = RDBArticleViewController.xib; sourceTree = "<group>"; };
		2E15816C190780120086C49E /* readability.js */ = {isa = PBXFileReference; fileEncoding = 4; lastKnownFileType = sourcecode.javascript; path = readability.js; sourceTree = "<group>"; };
		2E5678CA1909255E000B5214 /* jquery-1.11.0.min.js */ = {isa = PBXFileReference; fileEncoding = 4; lastKnownFileType = sourcecode.javascript; path = "jquery-1.11.0.min.js"; sourceTree = "<group>"; };
		6B271AEEA3BA41588B4578B7 /* Pods-Readability.xcconfig */ = {isa = PBXFileReference; includeInIndex = 1; lastKnownFileType = text.xcconfig; name = "Pods-Readability.xcconfig"; path = "Pods/Pods-Readability.xcconfig"; sourceTree = "<group>"; };
		9297A220190D4B2700F0C7B1 /* LaunchImage-iPhone-568h@2x.png */ = {isa = PBXFileReference; lastKnownFileType = image.png; path = "LaunchImage-iPhone-568h@2x.png"; sourceTree = "<group>"; };
		9297A221190D4B2700F0C7B1 /* LaunchImage-iPhone@2x.png */ = {isa = PBXFileReference; lastKnownFileType = image.png; path = "LaunchImage-iPhone@2x.png"; sourceTree = "<group>"; };
		9297A224190D4B3100F0C7B1 /* Icon-iPhone.png */ = {isa = PBXFileReference; lastKnownFileType = image.png; path = "Icon-iPhone.png"; sourceTree = "<group>"; };
		9297A225190D4B3100F0C7B1 /* Icon-iPhone@2x.png */ = {isa = PBXFileReference; lastKnownFileType = image.png; path = "Icon-iPhone@2x.png"; sourceTree = "<group>"; };
		9297A22A190D529E00F0C7B1 /* MMExampleDrawerVisualStateManager.h */ = {isa = PBXFileReference; fileEncoding = 4; lastKnownFileType = sourcecode.c.h; path = MMExampleDrawerVisualStateManager.h; sourceTree = "<group>"; };
		9297A22B190D529E00F0C7B1 /* MMExampleDrawerVisualStateManager.m */ = {isa = PBXFileReference; fileEncoding = 4; lastKnownFileType = sourcecode.c.objc; path = MMExampleDrawerVisualStateManager.m; sourceTree = "<group>"; };
		9297A25D190D664400F0C7B1 /* RDBLeftSideDrawerViewController.h */ = {isa = PBXFileReference; fileEncoding = 4; lastKnownFileType = sourcecode.c.h; path = RDBLeftSideDrawerViewController.h; sourceTree = "<group>"; };
		9297A25E190D664400F0C7B1 /* RDBLeftSideDrawerViewController.m */ = {isa = PBXFileReference; fileEncoding = 4; lastKnownFileType = sourcecode.c.objc; path = RDBLeftSideDrawerViewController.m; sourceTree = "<group>"; };
		92ACA46D190E6B7B009B92BD /* RDBArticleCell.h */ = {isa = PBXFileReference; fileEncoding = 4; lastKnownFileType = sourcecode.c.h; path = RDBArticleCell.h; sourceTree = "<group>"; };
		92ACA46E190E6B7B009B92BD /* RDBArticleCell.m */ = {isa = PBXFileReference; fileEncoding = 4; lastKnownFileType = sourcecode.c.objc; path = RDBArticleCell.m; sourceTree = "<group>"; };
		92ACA472190E6BC3009B92BD /* RDBArticleCell.xib */ = {isa = PBXFileReference; fileEncoding = 4; lastKnownFileType = file.xib; path = RDBArticleCell.xib; sourceTree = "<group>"; };
		92B854D6190B570B0074F24B /* GothamNarrow-Black.otf */ = {isa = PBXFileReference; lastKnownFileType = file; path = "GothamNarrow-Black.otf"; sourceTree = "<group>"; };
		92B854D7190B570B0074F24B /* GothamNarrSSm-Bold.otf */ = {isa = PBXFileReference; lastKnownFileType = file; path = "GothamNarrSSm-Bold.otf"; sourceTree = "<group>"; };
		92B854D8190B570B0074F24B /* GothamNarrSSm-BoldItalic.otf */ = {isa = PBXFileReference; lastKnownFileType = file; path = "GothamNarrSSm-BoldItalic.otf"; sourceTree = "<group>"; };
		92B854D9190B570B0074F24B /* GothamNarrSSm-Book.otf */ = {isa = PBXFileReference; lastKnownFileType = file; path = "GothamNarrSSm-Book.otf"; sourceTree = "<group>"; };
		92B854DA190B570B0074F24B /* GothamNarrSSm-BookItalic.otf */ = {isa = PBXFileReference; lastKnownFileType = file; path = "GothamNarrSSm-BookItalic.otf"; sourceTree = "<group>"; };
		92B854DB190B570B0074F24B /* MercuryDisplay-Bold.otf */ = {isa = PBXFileReference; lastKnownFileType = file; path = "MercuryDisplay-Bold.otf"; sourceTree = "<group>"; };
		92B854DC190B570B0074F24B /* MercurySSm-Bold.otf */ = {isa = PBXFileReference; lastKnownFileType = file; path = "MercurySSm-Bold.otf"; sourceTree = "<group>"; };
		92B854DD190B570B0074F24B /* MercurySSm-BoldItalic.otf */ = {isa = PBXFileReference; lastKnownFileType = file; path = "MercurySSm-BoldItalic.otf"; sourceTree = "<group>"; };
		92B854DE190B570B0074F24B /* MercurySSm-Book.otf */ = {isa = PBXFileReference; lastKnownFileType = file; path = "MercurySSm-Book.otf"; sourceTree = "<group>"; };
		92B854DF190B570B0074F24B /* MercurySSm-BookItalic.otf */ = {isa = PBXFileReference; lastKnownFileType = file; path = "MercurySSm-BookItalic.otf"; sourceTree = "<group>"; };
		92B854E0190B570B0074F24B /* readabilicons.otf */ = {isa = PBXFileReference; lastKnownFileType = file; path = readabilicons.otf; sourceTree = "<group>"; };
		92B854E1190B570B0074F24B /* Sentinel-Black.otf */ = {isa = PBXFileReference; lastKnownFileType = file; path = "Sentinel-Black.otf"; sourceTree = "<group>"; };
		92B854E2190B570B0074F24B /* SentinelSSm-Bold.otf */ = {isa = PBXFileReference; lastKnownFileType = file; path = "SentinelSSm-Bold.otf"; sourceTree = "<group>"; };
		92B854E3190B570B0074F24B /* SentinelSSm-BoldItalic.otf */ = {isa = PBXFileReference; lastKnownFileType = file; path = "SentinelSSm-BoldItalic.otf"; sourceTree = "<group>"; };
		92B854E4190B570B0074F24B /* SentinelSSm-Book.otf */ = {isa = PBXFileReference; lastKnownFileType = file; path = "SentinelSSm-Book.otf"; sourceTree = "<group>"; };
		92B854E5190B570B0074F24B /* SentinelSSm-BookItalic.otf */ = {isa = PBXFileReference; lastKnownFileType = file; path = "SentinelSSm-BookItalic.otf"; sourceTree = "<group>"; };
		92B854E6190B570B0074F24B /* Vitesse-Black.otf */ = {isa = PBXFileReference; lastKnownFileType = file; path = "Vitesse-Black.otf"; sourceTree = "<group>"; };
		92B854E7190B570B0074F24B /* VitesseSSm-Bold.otf */ = {isa = PBXFileReference; lastKnownFileType = file; path = "VitesseSSm-Bold.otf"; sourceTree = "<group>"; };
		92B854E8190B570B0074F24B /* VitesseSSm-BoldItalic.otf */ = {isa = PBXFileReference; lastKnownFileType = file; path = "VitesseSSm-BoldItalic.otf"; sourceTree = "<group>"; };
		92B854E9190B570B0074F24B /* VitesseSSm-Book.otf */ = {isa = PBXFileReference; lastKnownFileType = file; path = "VitesseSSm-Book.otf"; sourceTree = "<group>"; };
		92B854EA190B570B0074F24B /* VitesseSSm-BookItalic.otf */ = {isa = PBXFileReference; lastKnownFileType = file; path = "VitesseSSm-BookItalic.otf"; sourceTree = "<group>"; };
		92B854EB190B570B0074F24B /* WhitneySSm-Bold.otf */ = {isa = PBXFileReference; lastKnownFileType = file; path = "WhitneySSm-Bold.otf"; sourceTree = "<group>"; };
		92B854EC190B570B0074F24B /* WhitneySSm-BoldItalic.otf */ = {isa = PBXFileReference; lastKnownFileType = file; path = "WhitneySSm-BoldItalic.otf"; sourceTree = "<group>"; };
		92B854ED190B570B0074F24B /* WhitneySSm-Book.otf */ = {isa = PBXFileReference; lastKnownFileType = file; path = "WhitneySSm-Book.otf"; sourceTree = "<group>"; };
		92B854EE190B570B0074F24B /* WhitneySSm-BookItalic.otf */ = {isa = PBXFileReference; lastKnownFileType = file; path = "WhitneySSm-BookItalic.otf"; sourceTree = "<group>"; };
		92B8550E190B74E70074F24B /* RDBReadingListViewController.h */ = {isa = PBXFileReference; fileEncoding = 4; lastKnownFileType = sourcecode.c.h; path = RDBReadingListViewController.h; sourceTree = "<group>"; };
		92B8550F190B74E70074F24B /* RDBReadingListViewController.m */ = {isa = PBXFileReference; fileEncoding = 4; lastKnownFileType = sourcecode.c.objc; path = RDBReadingListViewController.m; sourceTree = "<group>"; };
		92B85510190B74E70074F24B /* RDBReadingListViewController.xib */ = {isa = PBXFileReference; fileEncoding = 4; lastKnownFileType = file.xib; path = RDBReadingListViewController.xib; sourceTree = "<group>"; };
		92F28087190B547600DA385B /* styles.css */ = {isa = PBXFileReference; fileEncoding = 4; lastKnownFileType = text.css; path = styles.css; sourceTree = "<group>"; };
/* End PBXFileReference section */

/* Begin PBXFrameworksBuildPhase section */
		2E1581281907691F0086C49E /* Frameworks */ = {
			isa = PBXFrameworksBuildPhase;
			buildActionMask = 2147483647;
			files = (
				2E1581311907691F0086C49E /* CoreGraphics.framework in Frameworks */,
				2E1581331907691F0086C49E /* UIKit.framework in Frameworks */,
				2E15812F1907691F0086C49E /* Foundation.framework in Frameworks */,
				7CACD87C71234D9C91176B1B /* libPods-Readability.a in Frameworks */,
			);
			runOnlyForDeploymentPostprocessing = 0;
		};
		2E1581491907691F0086C49E /* Frameworks */ = {
			isa = PBXFrameworksBuildPhase;
			buildActionMask = 2147483647;
			files = (
				2E15814E1907691F0086C49E /* XCTest.framework in Frameworks */,
				2E1581501907691F0086C49E /* UIKit.framework in Frameworks */,
				2E15814F1907691F0086C49E /* Foundation.framework in Frameworks */,
			);
			runOnlyForDeploymentPostprocessing = 0;
		};
/* End PBXFrameworksBuildPhase section */

/* Begin PBXGroup section */
		2E1581221907691F0086C49E = {
			isa = PBXGroup;
			children = (
				2E1581341907691F0086C49E /* Readability */,
				2E1581531907691F0086C49E /* ReadabilityTests */,
				2E15812D1907691F0086C49E /* Frameworks */,
				2E15812C1907691F0086C49E /* Products */,
				6B271AEEA3BA41588B4578B7 /* Pods-Readability.xcconfig */,
			);
			sourceTree = "<group>";
		};
		2E15812C1907691F0086C49E /* Products */ = {
			isa = PBXGroup;
			children = (
				2E15812B1907691F0086C49E /* Readability.app */,
				2E15814C1907691F0086C49E /* ReadabilityTests.xctest */,
			);
			name = Products;
			sourceTree = "<group>";
		};
		2E15812D1907691F0086C49E /* Frameworks */ = {
			isa = PBXGroup;
			children = (
				2E15812E1907691F0086C49E /* Foundation.framework */,
				2E1581301907691F0086C49E /* CoreGraphics.framework */,
				2E1581321907691F0086C49E /* UIKit.framework */,
				2E15814D1907691F0086C49E /* XCTest.framework */,
				07024CB15F8542EE912FEFCC /* libPods-Readability.a */,
			);
			name = Frameworks;
			sourceTree = "<group>";
		};
		2E1581341907691F0086C49E /* Readability */ = {
			isa = PBXGroup;
			children = (
				2E15813D1907691F0086C49E /* RDBAppDelegate.h */,
				2E15813E1907691F0086C49E /* RDBAppDelegate.m */,
				92ACA46B190E6B49009B92BD /* UIViews */,
				2E158163190769840086C49E /* Controllers */,
				2E15816A19077FC40086C49E /* Resouces */,
				2E1581461907691F0086C49E /* Images.xcassets */,
				2E1581351907691F0086C49E /* Supporting Files */,
			);
			path = Readability;
			sourceTree = "<group>";
		};
		2E1581351907691F0086C49E /* Supporting Files */ = {
			isa = PBXGroup;
			children = (
				2E1581361907691F0086C49E /* Readability-Info.plist */,
				2E1581371907691F0086C49E /* InfoPlist.strings */,
				2E15813A1907691F0086C49E /* main.m */,
				2E15813C1907691F0086C49E /* Readability-Prefix.pch */,
			);
			name = "Supporting Files";
			sourceTree = "<group>";
		};
		2E1581531907691F0086C49E /* ReadabilityTests */ = {
			isa = PBXGroup;
			children = (
				2E158159190769200086C49E /* ReadabilityTests.m */,
				2E1581541907691F0086C49E /* Supporting Files */,
			);
			path = ReadabilityTests;
			sourceTree = "<group>";
		};
		2E1581541907691F0086C49E /* Supporting Files */ = {
			isa = PBXGroup;
			children = (
				2E1581551907691F0086C49E /* ReadabilityTests-Info.plist */,
				2E158156190769200086C49E /* InfoPlist.strings */,
			);
			name = "Supporting Files";
			sourceTree = "<group>";
		};
		2E158163190769840086C49E /* Controllers */ = {
			isa = PBXGroup;
			children = (
				9297A228190D4C4700F0C7B1 /* Drawer */,
				92B8550D190B74A70074F24B /* Reading */,
				2E158164190769840086C49E /* Article */,
			);
			path = Controllers;
			sourceTree = "<group>";
		};
		2E158164190769840086C49E /* Article */ = {
			isa = PBXGroup;
			children = (
				2E158165190769B50086C49E /* RDBArticleViewController.h */,
				2E158166190769B50086C49E /* RDBArticleViewController.m */,
				2E158167190769B50086C49E /* RDBArticleViewController.xib */,
			);
			path = Article;
			sourceTree = "<group>";
		};
		2E15816A19077FC40086C49E /* Resouces */ = {
			isa = PBXGroup;
			children = (
				9297A21E190D4B1000F0C7B1 /* Images */,
				2E15816B19077FC40086C49E /* Javascripts */,
				92F28084190B51FC00DA385B /* Stylesheets */,
				92B854D5190B570B0074F24B /* Fonts */,
			);
			path = Resouces;
			sourceTree = "<group>";
		};
		2E15816B19077FC40086C49E /* Javascripts */ = {
			isa = PBXGroup;
			children = (
				2E5678CA1909255E000B5214 /* jquery-1.11.0.min.js */,
				2E15816C190780120086C49E /* readability.js */,
			);
			path = Javascripts;
			sourceTree = "<group>";
		};
		9297A21E190D4B1000F0C7B1 /* Images */ = {
			isa = PBXGroup;
			children = (
				9297A21F190D4B1000F0C7B1 /* App Icons & Launch Images */,
			);
			path = Images;
			sourceTree = "<group>";
		};
		9297A21F190D4B1000F0C7B1 /* App Icons & Launch Images */ = {
			isa = PBXGroup;
			children = (
				9297A224190D4B3100F0C7B1 /* Icon-iPhone.png */,
				9297A225190D4B3100F0C7B1 /* Icon-iPhone@2x.png */,
				9297A220190D4B2700F0C7B1 /* LaunchImage-iPhone-568h@2x.png */,
				9297A221190D4B2700F0C7B1 /* LaunchImage-iPhone@2x.png */,
			);
			path = "App Icons & Launch Images";
			sourceTree = "<group>";
		};
		9297A228190D4C4700F0C7B1 /* Drawer */ = {
			isa = PBXGroup;
			children = (
				9297A229190D529E00F0C7B1 /* VisualStateManager */,
				9297A22D190D54CB00F0C7B1 /* ViewControllers */,
			);
			path = Drawer;
			sourceTree = "<group>";
		};
		9297A229190D529E00F0C7B1 /* VisualStateManager */ = {
			isa = PBXGroup;
			children = (
				9297A22A190D529E00F0C7B1 /* MMExampleDrawerVisualStateManager.h */,
				9297A22B190D529E00F0C7B1 /* MMExampleDrawerVisualStateManager.m */,
			);
			path = VisualStateManager;
			sourceTree = "<group>";
		};
		9297A22D190D54CB00F0C7B1 /* ViewControllers */ = {
			isa = PBXGroup;
			children = (
				9297A25D190D664400F0C7B1 /* RDBLeftSideDrawerViewController.h */,
				9297A25E190D664400F0C7B1 /* RDBLeftSideDrawerViewController.m */,
			);
			path = ViewControllers;
			sourceTree = "<group>";
		};
		92ACA46B190E6B49009B92BD /* UIViews */ = {
			isa = PBXGroup;
			children = (
				92ACA46C190E6B49009B92BD /* UITableViewCells */,
			);
			path = UIViews;
			sourceTree = "<group>";
		};
		92ACA46C190E6B49009B92BD /* UITableViewCells */ = {
			isa = PBXGroup;
			children = (
				92ACA46D190E6B7B009B92BD /* RDBArticleCell.h */,
				92ACA46E190E6B7B009B92BD /* RDBArticleCell.m */,
				92ACA472190E6BC3009B92BD /* RDBArticleCell.xib */,
			);
			path = UITableViewCells;
			sourceTree = "<group>";
		};
		92B854D5190B570B0074F24B /* Fonts */ = {
			isa = PBXGroup;
			children = (
				92B854D6190B570B0074F24B /* GothamNarrow-Black.otf */,
				92B854D7190B570B0074F24B /* GothamNarrSSm-Bold.otf */,
				92B854D8190B570B0074F24B /* GothamNarrSSm-BoldItalic.otf */,
				92B854D9190B570B0074F24B /* GothamNarrSSm-Book.otf */,
				92B854DA190B570B0074F24B /* GothamNarrSSm-BookItalic.otf */,
				92B854DB190B570B0074F24B /* MercuryDisplay-Bold.otf */,
				92B854DC190B570B0074F24B /* MercurySSm-Bold.otf */,
				92B854DD190B570B0074F24B /* MercurySSm-BoldItalic.otf */,
				92B854DE190B570B0074F24B /* MercurySSm-Book.otf */,
				92B854DF190B570B0074F24B /* MercurySSm-BookItalic.otf */,
				92B854E0190B570B0074F24B /* readabilicons.otf */,
				92B854E1190B570B0074F24B /* Sentinel-Black.otf */,
				92B854E2190B570B0074F24B /* SentinelSSm-Bold.otf */,
				92B854E3190B570B0074F24B /* SentinelSSm-BoldItalic.otf */,
				92B854E4190B570B0074F24B /* SentinelSSm-Book.otf */,
				92B854E5190B570B0074F24B /* SentinelSSm-BookItalic.otf */,
				92B854E6190B570B0074F24B /* Vitesse-Black.otf */,
				92B854E7190B570B0074F24B /* VitesseSSm-Bold.otf */,
				92B854E8190B570B0074F24B /* VitesseSSm-BoldItalic.otf */,
				92B854E9190B570B0074F24B /* VitesseSSm-Book.otf */,
				92B854EA190B570B0074F24B /* VitesseSSm-BookItalic.otf */,
				92B854EB190B570B0074F24B /* WhitneySSm-Bold.otf */,
				92B854EC190B570B0074F24B /* WhitneySSm-BoldItalic.otf */,
				92B854ED190B570B0074F24B /* WhitneySSm-Book.otf */,
				92B854EE190B570B0074F24B /* WhitneySSm-BookItalic.otf */,
			);
			path = Fonts;
			sourceTree = "<group>";
		};
		92B8550D190B74A70074F24B /* Reading */ = {
			isa = PBXGroup;
			children = (
				92B8550E190B74E70074F24B /* RDBReadingListViewController.h */,
				92B8550F190B74E70074F24B /* RDBReadingListViewController.m */,
				92B85510190B74E70074F24B /* RDBReadingListViewController.xib */,
			);
			path = Reading;
			sourceTree = "<group>";
		};
		92F28084190B51FC00DA385B /* Stylesheets */ = {
			isa = PBXGroup;
			children = (
				92F28087190B547600DA385B /* styles.css */,
			);
			path = Stylesheets;
			sourceTree = "<group>";
		};
/* End PBXGroup section */

/* Begin PBXNativeTarget section */
		2E15812A1907691F0086C49E /* Readability */ = {
			isa = PBXNativeTarget;
			buildConfigurationList = 2E15815D190769200086C49E /* Build configuration list for PBXNativeTarget "Readability" */;
			buildPhases = (
				1610885F64AF4D7DA9324EF8 /* Check Pods Manifest.lock */,
				2E1581271907691F0086C49E /* Sources */,
				2E1581281907691F0086C49E /* Frameworks */,
				2E1581291907691F0086C49E /* Resources */,
				CD7C81FCD3F544D99C1A5AE1 /* Copy Pods Resources */,
			);
			buildRules = (
			);
			dependencies = (
			);
			name = Readability;
			productName = Readability;
			productReference = 2E15812B1907691F0086C49E /* Readability.app */;
			productType = "com.apple.product-type.application";
		};
		2E15814B1907691F0086C49E /* ReadabilityTests */ = {
			isa = PBXNativeTarget;
			buildConfigurationList = 2E158160190769200086C49E /* Build configuration list for PBXNativeTarget "ReadabilityTests" */;
			buildPhases = (
				2E1581481907691F0086C49E /* Sources */,
				2E1581491907691F0086C49E /* Frameworks */,
				2E15814A1907691F0086C49E /* Resources */,
			);
			buildRules = (
			);
			dependencies = (
				2E1581521907691F0086C49E /* PBXTargetDependency */,
			);
			name = ReadabilityTests;
			productName = ReadabilityTests;
			productReference = 2E15814C1907691F0086C49E /* ReadabilityTests.xctest */;
			productType = "com.apple.product-type.bundle.unit-test";
		};
/* End PBXNativeTarget section */

/* Begin PBXProject section */
		2E1581231907691F0086C49E /* Project object */ = {
			isa = PBXProject;
			attributes = {
				CLASSPREFIX = RDB;
				LastUpgradeCheck = 0510;
				ORGANIZATIONNAME = "Kiet Nguyen";
				TargetAttributes = {
					2E15812A1907691F0086C49E = {
						DevelopmentTeam = G8S2D25FGH;
					};
					2E15814B1907691F0086C49E = {
						TestTargetID = 2E15812A1907691F0086C49E;
					};
				};
			};
			buildConfigurationList = 2E1581261907691F0086C49E /* Build configuration list for PBXProject "Readability" */;
			compatibilityVersion = "Xcode 3.2";
			developmentRegion = English;
			hasScannedForEncodings = 0;
			knownRegions = (
				en,
				Base,
			);
			mainGroup = 2E1581221907691F0086C49E;
			productRefGroup = 2E15812C1907691F0086C49E /* Products */;
			projectDirPath = "";
			projectRoot = "";
			targets = (
				2E15812A1907691F0086C49E /* Readability */,
				2E15814B1907691F0086C49E /* ReadabilityTests */,
			);
		};
/* End PBXProject section */

/* Begin PBXResourcesBuildPhase section */
		2E1581291907691F0086C49E /* Resources */ = {
			isa = PBXResourcesBuildPhase;
			buildActionMask = 2147483647;
			files = (
				92B85502190B570B0074F24B /* VitesseSSm-Book.otf in Resources */,
				2E5678CB1909255E000B5214 /* jquery-1.11.0.min.js in Resources */,
				92B85501190B570B0074F24B /* VitesseSSm-BoldItalic.otf in Resources */,
				92B854F4190B570B0074F24B /* MercuryDisplay-Bold.otf in Resources */,
				92B854F2190B570B0074F24B /* GothamNarrSSm-Book.otf in Resources */,
				92B854FD190B570B0074F24B /* SentinelSSm-Book.otf in Resources */,
				92B854FE190B570B0074F24B /* SentinelSSm-BookItalic.otf in Resources */,
				92B854F3190B570B0074F24B /* GothamNarrSSm-BookItalic.otf in Resources */,
				92B854F7190B570B0074F24B /* MercurySSm-Book.otf in Resources */,
				92B85507190B570B0074F24B /* WhitneySSm-BookItalic.otf in Resources */,
				9297A226190D4B3100F0C7B1 /* Icon-iPhone.png in Resources */,
				92B854FB190B570B0074F24B /* SentinelSSm-Bold.otf in Resources */,
				92B854F0190B570B0074F24B /* GothamNarrSSm-Bold.otf in Resources */,
				2E15816E190780250086C49E /* readability.js in Resources */,
				2E1581471907691F0086C49E /* Images.xcassets in Resources */,
				9297A223190D4B2700F0C7B1 /* LaunchImage-iPhone@2x.png in Resources */,
				92B85506190B570B0074F24B /* WhitneySSm-Book.otf in Resources */,
				92B854F8190B570B0074F24B /* MercurySSm-BookItalic.otf in Resources */,
				92B854FC190B570B0074F24B /* SentinelSSm-BoldItalic.otf in Resources */,
				9297A227190D4B3100F0C7B1 /* Icon-iPhone@2x.png in Resources */,
				92B854FA190B570B0074F24B /* Sentinel-Black.otf in Resources */,
				92B854F5190B570B0074F24B /* MercurySSm-Bold.otf in Resources */,
				92F28088190B547600DA385B /* styles.css in Resources */,
				92B85505190B570B0074F24B /* WhitneySSm-BoldItalic.otf in Resources */,
				2E1581391907691F0086C49E /* InfoPlist.strings in Resources */,
				92B854F6190B570B0074F24B /* MercurySSm-BoldItalic.otf in Resources */,
				92B854F1190B570B0074F24B /* GothamNarrSSm-BoldItalic.otf in Resources */,
				92B854FF190B570B0074F24B /* Vitesse-Black.otf in Resources */,
				2E158169190769B50086C49E /* RDBArticleViewController.xib in Resources */,
				92B85504190B570B0074F24B /* WhitneySSm-Bold.otf in Resources */,
				92B854EF190B570B0074F24B /* GothamNarrow-Black.otf in Resources */,
				92B85512190B74E70074F24B /* RDBReadingListViewController.xib in Resources */,
				92B85500190B570B0074F24B /* VitesseSSm-Bold.otf in Resources */,
				92B854F9190B570B0074F24B /* readabilicons.otf in Resources */,
				92ACA473190E6BC3009B92BD /* RDBArticleCell.xib in Resources */,
				92B85503190B570B0074F24B /* VitesseSSm-BookItalic.otf in Resources */,
				9297A222190D4B2700F0C7B1 /* LaunchImage-iPhone-568h@2x.png in Resources */,
			);
			runOnlyForDeploymentPostprocessing = 0;
		};
		2E15814A1907691F0086C49E /* Resources */ = {
			isa = PBXResourcesBuildPhase;
			buildActionMask = 2147483647;
			files = (
				2E158158190769200086C49E /* InfoPlist.strings in Resources */,
			);
			runOnlyForDeploymentPostprocessing = 0;
		};
/* End PBXResourcesBuildPhase section */

/* Begin PBXShellScriptBuildPhase section */
		1610885F64AF4D7DA9324EF8 /* Check Pods Manifest.lock */ = {
			isa = PBXShellScriptBuildPhase;
			buildActionMask = 2147483647;
			files = (
			);
			inputPaths = (
			);
			name = "Check Pods Manifest.lock";
			outputPaths = (
			);
			runOnlyForDeploymentPostprocessing = 0;
			shellPath = /bin/sh;
			shellScript = "diff \"${PODS_ROOT}/../Podfile.lock\" \"${PODS_ROOT}/Manifest.lock\" > /dev/null\nif [[ $? != 0 ]] ; then\n    cat << EOM\nerror: The sandbox is not in sync with the Podfile.lock. Run 'pod install' or update your CocoaPods installation.\nEOM\n    exit 1\nfi\n";
			showEnvVarsInLog = 0;
		};
		CD7C81FCD3F544D99C1A5AE1 /* Copy Pods Resources */ = {
			isa = PBXShellScriptBuildPhase;
			buildActionMask = 2147483647;
			files = (
			);
			inputPaths = (
			);
			name = "Copy Pods Resources";
			outputPaths = (
			);
			runOnlyForDeploymentPostprocessing = 0;
			shellPath = /bin/sh;
			shellScript = "\"${SRCROOT}/Pods/Pods-Readability-resources.sh\"\n";
			showEnvVarsInLog = 0;
		};
/* End PBXShellScriptBuildPhase section */

/* Begin PBXSourcesBuildPhase section */
		2E1581271907691F0086C49E /* Sources */ = {
			isa = PBXSourcesBuildPhase;
			buildActionMask = 2147483647;
			files = (
				9297A25F190D664400F0C7B1 /* RDBLeftSideDrawerViewController.m in Sources */,
				92ACA470190E6B7B009B92BD /* RDBArticleCell.m in Sources */,
				2E15813B1907691F0086C49E /* main.m in Sources */,
				2E15813F1907691F0086C49E /* RDBAppDelegate.m in Sources */,
				92B85511190B74E70074F24B /* RDBReadingListViewController.m in Sources */,
				2E158168190769B50086C49E /* RDBArticleViewController.m in Sources */,
				9297A22C190D529E00F0C7B1 /* MMExampleDrawerVisualStateManager.m in Sources */,
			);
			runOnlyForDeploymentPostprocessing = 0;
		};
		2E1581481907691F0086C49E /* Sources */ = {
			isa = PBXSourcesBuildPhase;
			buildActionMask = 2147483647;
			files = (
				2E15815A190769200086C49E /* ReadabilityTests.m in Sources */,
			);
			runOnlyForDeploymentPostprocessing = 0;
		};
/* End PBXSourcesBuildPhase section */

/* Begin PBXTargetDependency section */
		2E1581521907691F0086C49E /* PBXTargetDependency */ = {
			isa = PBXTargetDependency;
			target = 2E15812A1907691F0086C49E /* Readability */;
			targetProxy = 2E1581511907691F0086C49E /* PBXContainerItemProxy */;
		};
/* End PBXTargetDependency section */

/* Begin PBXVariantGroup section */
		2E1581371907691F0086C49E /* InfoPlist.strings */ = {
			isa = PBXVariantGroup;
			children = (
				2E1581381907691F0086C49E /* en */,
			);
			name = InfoPlist.strings;
			sourceTree = "<group>";
		};
		2E158156190769200086C49E /* InfoPlist.strings */ = {
			isa = PBXVariantGroup;
			children = (
				2E158157190769200086C49E /* en */,
			);
			name = InfoPlist.strings;
			sourceTree = "<group>";
		};
/* End PBXVariantGroup section */

/* Begin XCBuildConfiguration section */
		2E15815B190769200086C49E /* Debug */ = {
			isa = XCBuildConfiguration;
			buildSettings = {
				ALWAYS_SEARCH_USER_PATHS = NO;
				CLANG_CXX_LANGUAGE_STANDARD = "gnu++0x";
				CLANG_CXX_LIBRARY = "libc++";
				CLANG_ENABLE_MODULES = YES;
				CLANG_ENABLE_OBJC_ARC = YES;
				CLANG_WARN_BOOL_CONVERSION = YES;
				CLANG_WARN_CONSTANT_CONVERSION = YES;
				CLANG_WARN_DIRECT_OBJC_ISA_USAGE = YES_ERROR;
				CLANG_WARN_EMPTY_BODY = YES;
				CLANG_WARN_ENUM_CONVERSION = YES;
				CLANG_WARN_INT_CONVERSION = YES;
				CLANG_WARN_OBJC_ROOT_CLASS = YES_ERROR;
				CLANG_WARN__DUPLICATE_METHOD_MATCH = YES;
				"CODE_SIGN_IDENTITY[sdk=iphoneos*]" = "iPhone Developer";
				COPY_PHASE_STRIP = NO;
				GCC_C_LANGUAGE_STANDARD = gnu99;
				GCC_DYNAMIC_NO_PIC = NO;
				GCC_OPTIMIZATION_LEVEL = 0;
				GCC_PREPROCESSOR_DEFINITIONS = (
					"DEBUG=1",
					"$(inherited)",
				);
				GCC_SYMBOLS_PRIVATE_EXTERN = NO;
				GCC_WARN_64_TO_32_BIT_CONVERSION = YES;
				GCC_WARN_ABOUT_RETURN_TYPE = YES_ERROR;
				GCC_WARN_UNDECLARED_SELECTOR = YES;
				GCC_WARN_UNINITIALIZED_AUTOS = YES_AGGRESSIVE;
				GCC_WARN_UNUSED_FUNCTION = YES;
				GCC_WARN_UNUSED_VARIABLE = YES;
				IPHONEOS_DEPLOYMENT_TARGET = 7.0;
				ONLY_ACTIVE_ARCH = YES;
				SDKROOT = iphoneos;
			};
			name = Debug;
		};
		2E15815C190769200086C49E /* Release */ = {
			isa = XCBuildConfiguration;
			buildSettings = {
				ALWAYS_SEARCH_USER_PATHS = NO;
				CLANG_CXX_LANGUAGE_STANDARD = "gnu++0x";
				CLANG_CXX_LIBRARY = "libc++";
				CLANG_ENABLE_MODULES = YES;
				CLANG_ENABLE_OBJC_ARC = YES;
				CLANG_WARN_BOOL_CONVERSION = YES;
				CLANG_WARN_CONSTANT_CONVERSION = YES;
				CLANG_WARN_DIRECT_OBJC_ISA_USAGE = YES_ERROR;
				CLANG_WARN_EMPTY_BODY = YES;
				CLANG_WARN_ENUM_CONVERSION = YES;
				CLANG_WARN_INT_CONVERSION = YES;
				CLANG_WARN_OBJC_ROOT_CLASS = YES_ERROR;
				CLANG_WARN__DUPLICATE_METHOD_MATCH = YES;
				"CODE_SIGN_IDENTITY[sdk=iphoneos*]" = "iPhone Developer";
				COPY_PHASE_STRIP = YES;
				ENABLE_NS_ASSERTIONS = NO;
				GCC_C_LANGUAGE_STANDARD = gnu99;
				GCC_WARN_64_TO_32_BIT_CONVERSION = YES;
				GCC_WARN_ABOUT_RETURN_TYPE = YES_ERROR;
				GCC_WARN_UNDECLARED_SELECTOR = YES;
				GCC_WARN_UNINITIALIZED_AUTOS = YES_AGGRESSIVE;
				GCC_WARN_UNUSED_FUNCTION = YES;
				GCC_WARN_UNUSED_VARIABLE = YES;
				IPHONEOS_DEPLOYMENT_TARGET = 7.0;
				SDKROOT = iphoneos;
				VALIDATE_PRODUCT = YES;
			};
			name = Release;
		};
		2E15815E190769200086C49E /* Debug */ = {
			isa = XCBuildConfiguration;
			baseConfigurationReference = 6B271AEEA3BA41588B4578B7 /* Pods-Readability.xcconfig */;
			buildSettings = {
				CODE_SIGN_IDENTITY = "iPhone Developer: KIET NGUYEN (Z83TCZVXN2)";
				"CODE_SIGN_IDENTITY[sdk=iphoneos*]" = "iPhone Developer: KIET NGUYEN (Z83TCZVXN2)";
				GCC_PRECOMPILE_PREFIX_HEADER = YES;
				GCC_PREFIX_HEADER = "Readability/Readability-Prefix.pch";
				INFOPLIST_FILE = "Readability/Readability-Info.plist";
				IPHONEOS_DEPLOYMENT_TARGET = 7.0;
				PRODUCT_NAME = "$(TARGET_NAME)";
				PROVISIONING_PROFILE = "28CE0C57-18B2-43DB-A40E-D146D6E2B6E2";
				WRAPPER_EXTENSION = app;
			};
			name = Debug;
		};
		2E15815F190769200086C49E /* Release */ = {
			isa = XCBuildConfiguration;
			baseConfigurationReference = 6B271AEEA3BA41588B4578B7 /* Pods-Readability.xcconfig */;
			buildSettings = {
				CODE_SIGN_IDENTITY = "iPhone Developer: KIET NGUYEN (Z83TCZVXN2)";
				"CODE_SIGN_IDENTITY[sdk=iphoneos*]" = "iPhone Developer: KIET NGUYEN (Z83TCZVXN2)";
				GCC_PRECOMPILE_PREFIX_HEADER = YES;
				GCC_PREFIX_HEADER = "Readability/Readability-Prefix.pch";
				INFOPLIST_FILE = "Readability/Readability-Info.plist";
				IPHONEOS_DEPLOYMENT_TARGET = 7.0;
				PRODUCT_NAME = "$(TARGET_NAME)";
				PROVISIONING_PROFILE = "28CE0C57-18B2-43DB-A40E-D146D6E2B6E2";
				WRAPPER_EXTENSION = app;
			};
			name = Release;
		};
		2E158161190769200086C49E /* Debug */ = {
			isa = XCBuildConfiguration;
			buildSettings = {
				BUNDLE_LOADER = "$(BUILT_PRODUCTS_DIR)/Readability.app/Readability";
				FRAMEWORK_SEARCH_PATHS = (
					"$(SDKROOT)/Developer/Library/Frameworks",
					"$(inherited)",
					"$(DEVELOPER_FRAMEWORKS_DIR)",
				);
				GCC_PRECOMPILE_PREFIX_HEADER = YES;
				GCC_PREFIX_HEADER = "Readability/Readability-Prefix.pch";
				GCC_PREPROCESSOR_DEFINITIONS = (
					"DEBUG=1",
					"$(inherited)",
				);
				INFOPLIST_FILE = "ReadabilityTests/ReadabilityTests-Info.plist";
				PRODUCT_NAME = "$(TARGET_NAME)";
				TEST_HOST = "$(BUNDLE_LOADER)";
				WRAPPER_EXTENSION = xctest;
			};
			name = Debug;
		};
		2E158162190769200086C49E /* Release */ = {
			isa = XCBuildConfiguration;
			buildSettings = {
				BUNDLE_LOADER = "$(BUILT_PRODUCTS_DIR)/Readability.app/Readability";
				FRAMEWORK_SEARCH_PATHS = (
					"$(SDKROOT)/Developer/Library/Frameworks",
					"$(inherited)",
					"$(DEVELOPER_FRAMEWORKS_DIR)",
				);
				GCC_PRECOMPILE_PREFIX_HEADER = YES;
				GCC_PREFIX_HEADER = "Readability/Readability-Prefix.pch";
				INFOPLIST_FILE = "ReadabilityTests/ReadabilityTests-Info.plist";
				PRODUCT_NAME = "$(TARGET_NAME)";
				TEST_HOST = "$(BUNDLE_LOADER)";
				WRAPPER_EXTENSION = xctest;
			};
			name = Release;
		};
/* End XCBuildConfiguration section */

/* Begin XCConfigurationList section */
		2E1581261907691F0086C49E /* Build configuration list for PBXProject "Readability" */ = {
			isa = XCConfigurationList;
			buildConfigurations = (
				2E15815B190769200086C49E /* Debug */,
				2E15815C190769200086C49E /* Release */,
			);
			defaultConfigurationIsVisible = 0;
			defaultConfigurationName = Release;
		};
		2E15815D190769200086C49E /* Build configuration list for PBXNativeTarget "Readability" */ = {
			isa = XCConfigurationList;
			buildConfigurations = (
				2E15815E190769200086C49E /* Debug */,
				2E15815F190769200086C49E /* Release */,
			);
			defaultConfigurationIsVisible = 0;
			defaultConfigurationName = Release;
		};
		2E158160190769200086C49E /* Build configuration list for PBXNativeTarget "ReadabilityTests" */ = {
			isa = XCConfigurationList;
			buildConfigurations = (
				2E158161190769200086C49E /* Debug */,
				2E158162190769200086C49E /* Release */,
			);
			defaultConfigurationIsVisible = 0;
			defaultConfigurationName = Release;
		};
/* End XCConfigurationList section */
	};
	rootObject = 2E1581231907691F0086C49E /* Project object */;
}
